// !$*UTF8*$!
{
	archiveVersion = 1;
	classes = {
	};
	objectVersion = 50;
	objects = {

/* Begin PBXBuildFile section */
		1A900754246C20C4009DBE9E /* AppDelegate.swift in Sources */ = {isa = PBXBuildFile; fileRef = 1A900753246C20C4009DBE9E /* AppDelegate.swift */; };
		1A900756246C20C4009DBE9E /* art.scnassets in Resources */ = {isa = PBXBuildFile; fileRef = 1A900755246C20C4009DBE9E /* art.scnassets */; };
		1A900758246C20C4009DBE9E /* ViewController.swift in Sources */ = {isa = PBXBuildFile; fileRef = 1A900757246C20C4009DBE9E /* ViewController.swift */; };
		1A90075B246C20C4009DBE9E /* Main.storyboard in Resources */ = {isa = PBXBuildFile; fileRef = 1A900759246C20C4009DBE9E /* Main.storyboard */; };
		1A90075D246C20C6009DBE9E /* Assets.xcassets in Resources */ = {isa = PBXBuildFile; fileRef = 1A90075C246C20C6009DBE9E /* Assets.xcassets */; };
		1A900760246C20C6009DBE9E /* LaunchScreen.storyboard in Resources */ = {isa = PBXBuildFile; fileRef = 1A90075E246C20C6009DBE9E /* LaunchScreen.storyboard */; };
		1ACE0F4B247BCC180087D80E /* Geometry.swift in Sources */ = {isa = PBXBuildFile; fileRef = 1ACE0F4A247BCC180087D80E /* Geometry.swift */; };
		1ACE0F4D247BDFC40087D80E /* Colorizer.swift in Sources */ = {isa = PBXBuildFile; fileRef = 1ACE0F4C247BDFC40087D80E /* Colorizer.swift */; };
/* End PBXBuildFile section */

/* Begin PBXFileReference section */
		1A900750246C20C4009DBE9E /* MeshDemo.app */ = {isa = PBXFileReference; explicitFileType = wrapper.application; includeInIndex = 0; path = MeshDemo.app; sourceTree = BUILT_PRODUCTS_DIR; };
		1A900753246C20C4009DBE9E /* AppDelegate.swift */ = {isa = PBXFileReference; lastKnownFileType = sourcecode.swift; path = AppDelegate.swift; sourceTree = "<group>"; };
		1A900755246C20C4009DBE9E /* art.scnassets */ = {isa = PBXFileReference; lastKnownFileType = wrapper.scnassets; path = art.scnassets; sourceTree = "<group>"; };
		1A900757246C20C4009DBE9E /* ViewController.swift */ = {isa = PBXFileReference; lastKnownFileType = sourcecode.swift; path = ViewController.swift; sourceTree = "<group>"; };
		1A90075A246C20C4009DBE9E /* Base */ = {isa = PBXFileReference; lastKnownFileType = file.storyboard; name = Base; path = Base.lproj/Main.storyboard; sourceTree = "<group>"; };
		1A90075C246C20C6009DBE9E /* Assets.xcassets */ = {isa = PBXFileReference; lastKnownFileType = folder.assetcatalog; path = Assets.xcassets; sourceTree = "<group>"; };
		1A90075F246C20C6009DBE9E /* Base */ = {isa = PBXFileReference; lastKnownFileType = file.storyboard; name = Base; path = Base.lproj/LaunchScreen.storyboard; sourceTree = "<group>"; };
		1A900761246C20C6009DBE9E /* Info.plist */ = {isa = PBXFileReference; lastKnownFileType = text.plist.xml; path = Info.plist; sourceTree = "<group>"; };
		1ACE0F4A247BCC180087D80E /* Geometry.swift */ = {isa = PBXFileReference; lastKnownFileType = sourcecode.swift; path = Geometry.swift; sourceTree = "<group>"; };
		1ACE0F4C247BDFC40087D80E /* Colorizer.swift */ = {isa = PBXFileReference; lastKnownFileType = sourcecode.swift; path = Colorizer.swift; sourceTree = "<group>"; };
/* End PBXFileReference section */

/* Begin PBXFrameworksBuildPhase section */
		1A90074D246C20C4009DBE9E /* Frameworks */ = {
			isa = PBXFrameworksBuildPhase;
			buildActionMask = 2147483647;
			files = (
			);
			runOnlyForDeploymentPostprocessing = 0;
		};
/* End PBXFrameworksBuildPhase section */

/* Begin PBXGroup section */
		1A900747246C20C4009DBE9E = {
			isa = PBXGroup;
			children = (
				1A900752246C20C4009DBE9E /* MeshDemo */,
				1A900751246C20C4009DBE9E /* Products */,
			);
			sourceTree = "<group>";
		};
		1A900751246C20C4009DBE9E /* Products */ = {
			isa = PBXGroup;
			children = (
				1A900750246C20C4009DBE9E /* MeshDemo.app */,
			);
			name = Products;
			sourceTree = "<group>";
		};
		1A900752246C20C4009DBE9E /* MeshDemo */ = {
			isa = PBXGroup;
			children = (
				1A900753246C20C4009DBE9E /* AppDelegate.swift */,
				1A900755246C20C4009DBE9E /* art.scnassets */,
				1A900757246C20C4009DBE9E /* ViewController.swift */,
				1A900759246C20C4009DBE9E /* Main.storyboard */,
				1A90075C246C20C6009DBE9E /* Assets.xcassets */,
				1A90075E246C20C6009DBE9E /* LaunchScreen.storyboard */,
				1A900761246C20C6009DBE9E /* Info.plist */,
				1ACE0F4A247BCC180087D80E /* Geometry.swift */,
				1ACE0F4C247BDFC40087D80E /* Colorizer.swift */,
			);
			path = MeshDemo;
			sourceTree = "<group>";
		};
/* End PBXGroup section */

/* Begin PBXNativeTarget section */
		1A90074F246C20C4009DBE9E /* MeshDemo */ = {
			isa = PBXNativeTarget;
			buildConfigurationList = 1A900764246C20C6009DBE9E /* Build configuration list for PBXNativeTarget "MeshDemo" */;
			buildPhases = (
				1A90074C246C20C4009DBE9E /* Sources */,
				1A90074D246C20C4009DBE9E /* Frameworks */,
				1A90074E246C20C4009DBE9E /* Resources */,
			);
			buildRules = (
			);
			dependencies = (
			);
			name = MeshDemo;
			productName = MeshDemo;
			productReference = 1A900750246C20C4009DBE9E /* MeshDemo.app */;
			productType = "com.apple.product-type.application";
		};
/* End PBXNativeTarget section */

/* Begin PBXProject section */
		1A900748246C20C4009DBE9E /* Project object */ = {
			isa = PBXProject;
			attributes = {
				LastSwiftUpdateCheck = 1140;
				LastUpgradeCheck = 1140;
				ORGANIZATIONNAME = "SABO Mobile IT";
				TargetAttributes = {
					1A90074F246C20C4009DBE9E = {
						CreatedOnToolsVersion = 11.4;
					};
				};
			};
			buildConfigurationList = 1A90074B246C20C4009DBE9E /* Build configuration list for PBXProject "MeshDemo" */;
			compatibilityVersion = "Xcode 9.3";
			developmentRegion = en;
			hasScannedForEncodings = 0;
			knownRegions = (
				en,
				Base,
			);
			mainGroup = 1A900747246C20C4009DBE9E;
			productRefGroup = 1A900751246C20C4009DBE9E /* Products */;
			projectDirPath = "";
			projectRoot = "";
			targets = (
				1A90074F246C20C4009DBE9E /* MeshDemo */,
			);
		};
/* End PBXProject section */

/* Begin PBXResourcesBuildPhase section */
		1A90074E246C20C4009DBE9E /* Resources */ = {
			isa = PBXResourcesBuildPhase;
			buildActionMask = 2147483647;
			files = (
				1A900756246C20C4009DBE9E /* art.scnassets in Resources */,
				1A900760246C20C6009DBE9E /* LaunchScreen.storyboard in Resources */,
				1A90075D246C20C6009DBE9E /* Assets.xcassets in Resources */,
				1A90075B246C20C4009DBE9E /* Main.storyboard in Resources */,
			);
			runOnlyForDeploymentPostprocessing = 0;
		};
/* End PBXResourcesBuildPhase section */

/* Begin PBXSourcesBuildPhase section */
		1A90074C246C20C4009DBE9E /* Sources */ = {
			isa = PBXSourcesBuildPhase;
			buildActionMask = 2147483647;
			files = (
				1A900758246C20C4009DBE9E /* ViewController.swift in Sources */,
				1ACE0F4B247BCC180087D80E /* Geometry.swift in Sources */,
				1A900754246C20C4009DBE9E /* AppDelegate.swift in Sources */,
				1ACE0F4D247BDFC40087D80E /* Colorizer.swift in Sources */,
			);
			runOnlyForDeploymentPostprocessing = 0;
		};
/* End PBXSourcesBuildPhase section */

/* Begin PBXVariantGroup section */
		1A900759246C20C4009DBE9E /* Main.storyboard */ = {
			isa = PBXVariantGroup;
			children = (
				1A90075A246C20C4009DBE9E /* Base */,
			);
			name = Main.storyboard;
			sourceTree = "<group>";
		};
		1A90075E246C20C6009DBE9E /* LaunchScreen.storyboard */ = {
			isa = PBXVariantGroup;
			children = (
				1A90075F246C20C6009DBE9E /* Base */,
			);
			name = LaunchScreen.storyboard;
			sourceTree = "<group>";
		};
/* End PBXVariantGroup section */

/* Begin XCBuildConfiguration section */
		1A900762246C20C6009DBE9E /* Debug */ = {
			isa = XCBuildConfiguration;
			buildSettings = {
				ALWAYS_SEARCH_USER_PATHS = NO;
				CLANG_ANALYZER_NONNULL = YES;
				CLANG_ANALYZER_NUMBER_OBJECT_CONVERSION = YES_AGGRESSIVE;
				CLANG_CXX_LANGUAGE_STANDARD = "gnu++14";
				CLANG_CXX_LIBRARY = "libc++";
				CLANG_ENABLE_MODULES = YES;
				CLANG_ENABLE_OBJC_ARC = YES;
				CLANG_ENABLE_OBJC_WEAK = YES;
				CLANG_WARN_BLOCK_CAPTURE_AUTORELEASING = YES;
				CLANG_WARN_BOOL_CONVERSION = YES;
				CLANG_WARN_COMMA = YES;
				CLANG_WARN_CONSTANT_CONVERSION = YES;
				CLANG_WARN_DEPRECATED_OBJC_IMPLEMENTATIONS = YES;
				CLANG_WARN_DIRECT_OBJC_ISA_USAGE = YES_ERROR;
				CLANG_WARN_DOCUMENTATION_COMMENTS = YES;
				CLANG_WARN_EMPTY_BODY = YES;
				CLANG_WARN_ENUM_CONVERSION = YES;
				CLANG_WARN_INFINITE_RECURSION = YES;
				CLANG_WARN_INT_CONVERSION = YES;
				CLANG_WARN_NON_LITERAL_NULL_CONVERSION = YES;
				CLANG_WARN_OBJC_IMPLICIT_RETAIN_SELF = YES;
				CLANG_WARN_OBJC_LITERAL_CONVERSION = YES;
				CLANG_WARN_OBJC_ROOT_CLASS = YES_ERROR;
				CLANG_WARN_RANGE_LOOP_ANALYSIS = YES;
				CLANG_WARN_STRICT_PROTOTYPES = YES;
				CLANG_WARN_SUSPICIOUS_MOVE = YES;
				CLANG_WARN_UNGUARDED_AVAILABILITY = YES_AGGRESSIVE;
				CLANG_WARN_UNREACHABLE_CODE = YES;
				CLANG_WARN__DUPLICATE_METHOD_MATCH = YES;
				COPY_PHASE_STRIP = NO;
				DEBUG_INFORMATION_FORMAT = dwarf;
				ENABLE_STRICT_OBJC_MSGSEND = YES;
				ENABLE_TESTABILITY = YES;
				GCC_C_LANGUAGE_STANDARD = gnu11;
				GCC_DYNAMIC_NO_PIC = NO;
				GCC_NO_COMMON_BLOCKS = YES;
				GCC_OPTIMIZATION_LEVEL = 0;
				GCC_PREPROCESSOR_DEFINITIONS = (
					"DEBUG=1",
					"$(inherited)",
				);
				GCC_WARN_64_TO_32_BIT_CONVERSION = YES;
				GCC_WARN_ABOUT_RETURN_TYPE = YES_ERROR;
				GCC_WARN_UNDECLARED_SELECTOR = YES;
				GCC_WARN_UNINITIALIZED_AUTOS = YES_AGGRESSIVE;
				GCC_WARN_UNUSED_FUNCTION = YES;
				GCC_WARN_UNUSED_VARIABLE = YES;
				IPHONEOS_DEPLOYMENT_TARGET = 13.4;
				MTL_ENABLE_DEBUG_INFO = INCLUDE_SOURCE;
				MTL_FAST_MATH = YES;
				ONLY_ACTIVE_ARCH = YES;
				SDKROOT = iphoneos;
				SWIFT_ACTIVE_COMPILATION_CONDITIONS = DEBUG;
				SWIFT_OPTIMIZATION_LEVEL = "-Onone";
			};
			name = Debug;
		};
		1A900763246C20C6009DBE9E /* Release */ = {
			isa = XCBuildConfiguration;
			buildSettings = {
				ALWAYS_SEARCH_USER_PATHS = NO;
				CLANG_ANALYZER_NONNULL = YES;
				CLANG_ANALYZER_NUMBER_OBJECT_CONVERSION = YES_AGGRESSIVE;
				CLANG_CXX_LANGUAGE_STANDARD = "gnu++14";
				CLANG_CXX_LIBRARY = "libc++";
				CLANG_ENABLE_MODULES = YES;
				CLANG_ENABLE_OBJC_ARC = YES;
				CLANG_ENABLE_OBJC_WEAK = YES;
				CLANG_WARN_BLOCK_CAPTURE_AUTORELEASING = YES;
				CLANG_WARN_BOOL_CONVERSION = YES;
				CLANG_WARN_COMMA = YES;
				CLANG_WARN_CONSTANT_CONVERSION = YES;
				CLANG_WARN_DEPRECATED_OBJC_IMPLEMENTATIONS = YES;
				CLANG_WARN_DIRECT_OBJC_ISA_USAGE = YES_ERROR;
				CLANG_WARN_DOCUMENTATION_COMMENTS = YES;
				CLANG_WARN_EMPTY_BODY = YES;
				CLANG_WARN_ENUM_CONVERSION = YES;
				CLANG_WARN_INFINITE_RECURSION = YES;
				CLANG_WARN_INT_CONVERSION = YES;
				CLANG_WARN_NON_LITERAL_NULL_CONVERSION = YES;
				CLANG_WARN_OBJC_IMPLICIT_RETAIN_SELF = YES;
				CLANG_WARN_OBJC_LITERAL_CONVERSION = YES;
				CLANG_WARN_OBJC_ROOT_CLASS = YES_ERROR;
				CLANG_WARN_RANGE_LOOP_ANALYSIS = YES;
				CLANG_WARN_STRICT_PROTOTYPES = YES;
				CLANG_WARN_SUSPICIOUS_MOVE = YES;
				CLANG_WARN_UNGUARDED_AVAILABILITY = YES_AGGRESSIVE;
				CLANG_WARN_UNREACHABLE_CODE = YES;
				CLANG_WARN__DUPLICATE_METHOD_MATCH = YES;
				COPY_PHASE_STRIP = NO;
				DEBUG_INFORMATION_FORMAT = "dwarf-with-dsym";
				ENABLE_NS_ASSERTIONS = NO;
				ENABLE_STRICT_OBJC_MSGSEND = YES;
				GCC_C_LANGUAGE_STANDARD = gnu11;
				GCC_NO_COMMON_BLOCKS = YES;
				GCC_WARN_64_TO_32_BIT_CONVERSION = YES;
				GCC_WARN_ABOUT_RETURN_TYPE = YES_ERROR;
				GCC_WARN_UNDECLARED_SELECTOR = YES;
				GCC_WARN_UNINITIALIZED_AUTOS = YES_AGGRESSIVE;
				GCC_WARN_UNUSED_FUNCTION = YES;
				GCC_WARN_UNUSED_VARIABLE = YES;
				IPHONEOS_DEPLOYMENT_TARGET = 13.4;
				MTL_ENABLE_DEBUG_INFO = NO;
				MTL_FAST_MATH = YES;
				SDKROOT = iphoneos;
				SWIFT_COMPILATION_MODE = wholemodule;
				SWIFT_OPTIMIZATION_LEVEL = "-O";
				VALIDATE_PRODUCT = YES;
			};
			name = Release;
		};
		1A900765246C20C6009DBE9E /* Debug */ = {
			isa = XCBuildConfiguration;
			buildSettings = {
				ASSETCATALOG_COMPILER_APPICON_NAME = AppIcon;
				CODE_SIGN_STYLE = Automatic;
				DEVELOPMENT_TEAM = T6QFD43GBS;
				INFOPLIST_FILE = MeshDemo/Info.plist;
				LD_RUNPATH_SEARCH_PATHS = (
					"$(inherited)",
					"@executable_path/Frameworks",
				);
				PRODUCT_BUNDLE_IDENTIFIER = de.saboit.MeshDemo;
				PRODUCT_NAME = "$(TARGET_NAME)";
				SWIFT_VERSION = 5.0;
				TARGETED_DEVICE_FAMILY = "1,2";
			};
			name = Debug;
		};
		1A900766246C20C6009DBE9E /* Release */ = {
			isa = XCBuildConfiguration;
			buildSettings = {
				ASSETCATALOG_COMPILER_APPICON_NAME = AppIcon;
				CODE_SIGN_STYLE = Automatic;
				DEVELOPMENT_TEAM = T6QFD43GBS;
				INFOPLIST_FILE = MeshDemo/Info.plist;
				LD_RUNPATH_SEARCH_PATHS = (
					"$(inherited)",
					"@executable_path/Frameworks",
				);
				PRODUCT_BUNDLE_IDENTIFIER = de.saboit.MeshDemo;
				PRODUCT_NAME = "$(TARGET_NAME)";
				SWIFT_VERSION = 5.0;
				TARGETED_DEVICE_FAMILY = "1,2";
			};
			name = Release;
		};
/* End XCBuildConfiguration section */

/* Begin XCConfigurationList section */
		1A90074B246C20C4009DBE9E /* Build configuration list for PBXProject "MeshDemo" */ = {
			isa = XCConfigurationList;
			buildConfigurations = (
				1A900762246C20C6009DBE9E /* Debug */,
				1A900763246C20C6009DBE9E /* Release */,
			);
			defaultConfigurationIsVisible = 0;
			defaultConfigurationName = Release;
		};
		1A900764246C20C6009DBE9E /* Build configuration list for PBXNativeTarget "MeshDemo" */ = {
			isa = XCConfigurationList;
			buildConfigurations = (
				1A900765246C20C6009DBE9E /* Debug */,
				1A900766246C20C6009DBE9E /* Release */,
			);
			defaultConfigurationIsVisible = 0;
			defaultConfigurationName = Release;
		};
/* End XCConfigurationList section */
	};
	rootObject = 1A900748246C20C4009DBE9E /* Project object */;
}
